
Microsoft Visual Studio Solution File, Format Version 12.00
Project("{2150E333-8FDC-42A3-9474-1A3956D46DE8}") = "Solution Items", "Solution Items", "{814AAD49-5080-4282-8E64-A27C6D740440}"
	ProjectSection(SolutionItems) = preProject
		Directory.Build.props = Directory.Build.props
		.gitignore = .gitignore
		Directory.Packages.props = Directory.Packages.props
	EndProjectSection
EndProject
Project("{2150E333-8FDC-42A3-9474-1A3956D46DE8}") = "Services", "Services", "{F61AA03B-0F12-4F82-A9ED-28D893D30E7C}"
	ProjectSection(SolutionItems) = preProject
		Source\Services\Directory.Build.props = Source\Services\Directory.Build.props
	EndProjectSection
EndProject
Project("{2150E333-8FDC-42A3-9474-1A3956D46DE8}") = "Messages", "Messages", "{F99558AE-9565-4959-9909-C2D0E399A12C}"
	ProjectSection(SolutionItems) = preProject
		Source\Services\Messages\Directory.Build.props = Source\Services\Messages\Directory.Build.props
	EndProjectSection
EndProject
Project("{2150E333-8FDC-42A3-9474-1A3956D46DE8}") = "Source", "Source", "{C38659C0-88F0-4E00-B46D-B75083D20A9E}"
	ProjectSection(SolutionItems) = preProject
		Source\Directory.Build.props = Source\Directory.Build.props
	EndProjectSection
EndProject
Project("{2150E333-8FDC-42A3-9474-1A3956D46DE8}") = "Tests", "Tests", "{7B933CB0-365E-484B-BFD8-E93152BA6E84}"
EndProject
Project("{2150E333-8FDC-42A3-9474-1A3956D46DE8}") = "Clients", "Clients", "{045748CE-63CB-481D-8632-8254C2E9C7FD}"
EndProject
Project("{FAE04EC0-301F-11D3-BF4B-00C04F79EFBC}") = "Infrastructure.Marten", "Source\Services\Messages\Commands\Infrastructure.Marten\Infrastructure.Marten.csproj", "{E1BCA9ED-7392-45C9-99C1-98B290FB82AD}"
EndProject
Project("{FAE04EC0-301F-11D3-BF4B-00C04F79EFBC}") = "Domain", "Source\Services\Messages\Commands\Domain\Domain.csproj", "{6DBEA347-6932-4202-BA50-422330F92D40}"
EndProject
Project("{FAE04EC0-301F-11D3-BF4B-00C04F79EFBC}") = "Application", "Source\Services\Messages\Commands\Application\Application.csproj", "{F0481078-8150-476F-A281-799AFC995E31}"
EndProject
Project("{FAE04EC0-301F-11D3-BF4B-00C04F79EFBC}") = "Presentation", "Source\Services\Messages\Commands\Presentation\Presentation.csproj", "{7A078494-1F97-4241-8FE6-B5178643E45A}"
EndProject
Project("{FAE04EC0-301F-11D3-BF4B-00C04F79EFBC}") = "Identity", "Source\Services\Identity\Identity.csproj", "{8F5CC83C-52E2-4AB6-B8AD-A66A6D2ECEFD}"
EndProject
Project("{FAE04EC0-301F-11D3-BF4B-00C04F79EFBC}") = "Common", "Source\Services\Common\Common.csproj", "{EDC446B1-CD11-490E-A9DE-B93B2FB889B8}"
EndProject
Project("{2150E333-8FDC-42A3-9474-1A3956D46DE8}") = "Profile", "Profile", "{2580E927-A4F5-48CD-A3D7-950658466DCB}"
EndProject
Project("{FAE04EC0-301F-11D3-BF4B-00C04F79EFBC}") = "SignalRNotifier", "Source\Services\Messages\SignalRNotifier\SignalRNotifier.csproj", "{B5BC22AD-03AD-43B8-913E-884B3424C961}"
EndProject
Project("{FAE04EC0-301F-11D3-BF4B-00C04F79EFBC}") = "Contracts", "Source\Services\Messages\Contracts\Contracts.csproj", "{17132AF0-1F71-4580-9DFE-39097477FB15}"
EndProject
Project("{FAE04EC0-301F-11D3-BF4B-00C04F79EFBC}") = "Infrastructure.MassTransit", "Source\Services\Messages\Commands\Infrastructure.MassTransit\Infrastructure.MassTransit.csproj", "{CE41E794-F2B3-4140-A52E-D39C2F97F905}"
EndProject
Project("{2150E333-8FDC-42A3-9474-1A3956D46DE8}") = "Commands", "Commands", "{948E4BA2-A220-4B9A-98F9-1B56AC8E467A}"
	ProjectSection(SolutionItems) = preProject
		Source\Services\Messages\Commands\Directory.Build.props = Source\Services\Messages\Commands\Directory.Build.props
	EndProjectSection
EndProject
Project("{2150E333-8FDC-42A3-9474-1A3956D46DE8}") = "Queries", "Queries", "{7CC39EF5-040D-4DB1-BB7C-472574329BA9}"
	ProjectSection(SolutionItems) = preProject
		Source\Services\Messages\Queries\Directory.Build.props = Source\Services\Messages\Queries\Directory.Build.props
	EndProjectSection
EndProject
Project("{FAE04EC0-301F-11D3-BF4B-00C04F79EFBC}") = "Persistence", "Source\Services\Messages\Queries\Persistence\Persistence.csproj", "{10E573CF-207E-48BD-A80B-EECB864527B9}"
EndProject
Project("{FAE04EC0-301F-11D3-BF4B-00C04F79EFBC}") = "Business", "Source\Services\Messages\Queries\Business\Business.csproj", "{B14CF2D7-81AA-4413-8BC5-8EFA650500F8}"
EndProject
Project("{FAE04EC0-301F-11D3-BF4B-00C04F79EFBC}") = "Presentation", "Source\Services\Messages\Queries\Presentation\Presentation.csproj", "{E9E8E067-DC48-438E-BD1C-96A06C76967A}"
EndProject
Project("{2150E333-8FDC-42A3-9474-1A3956D46DE8}") = "Docker", "Docker", "{4D9FF590-5BE1-4526-830C-A02F61B3CACB}"
	ProjectSection(SolutionItems) = preProject
		Docker\common-services.yaml = Docker\common-services.yaml
		Docker\docker-compose.override.yml = Docker\docker-compose.override.yml
		Docker\docker-compose.yml = Docker\docker-compose.yml
		Docker\.env = Docker\.env
	EndProjectSection
EndProject
Project("{2150E333-8FDC-42A3-9474-1A3956D46DE8}") = "Nginx", "Nginx", "{C326DE2D-6D13-48FF-827C-875AC30D3DF8}"
	ProjectSection(SolutionItems) = preProject
		Source\Services\Nginx\Dockerfile = Source\Services\Nginx\Dockerfile
		Source\Services\Nginx\nginx.conf = Source\Services\Nginx\nginx.conf
	EndProjectSection
EndProject
Project("{FAE04EC0-301F-11D3-BF4B-00C04F79EFBC}") = "Persistence.MassTransit", "Source\Services\Messages\Queries\Persistence.MassTransit\Persistence.MassTransit.csproj", "{396E2A3B-3C2A-4431-BF69-D77B067F206F}"
EndProject
Project("{FAE04EC0-301F-11D3-BF4B-00C04F79EFBC}") = "Persistence.Elastic", "Source\Services\Messages\Queries\Persistence.Elastic\Persistence.Elastic.csproj", "{6AD93129-087E-4527-BD55-CF36AB6602C8}"
EndProject
Project("{FAE04EC0-301F-11D3-BF4B-00C04F79EFBC}") = "Persistence.EntityFramework", "Source\Services\Messages\Queries\Persistence.EntityFramework\Persistence.EntityFramework.csproj", "{CDC0A610-412B-483F-BE36-9FBFC4D4C3A1}"
EndProject
Project("{2150E333-8FDC-42A3-9474-1A3956D46DE8}") = "Contacts", "Contacts", "{700AA09A-1752-4F03-A80D-33818E92E4AB}"
EndProject
Project("{2150E333-8FDC-42A3-9474-1A3956D46DE8}") = "Commands", "Commands", "{07264DAE-F8AF-4017-9E95-9DBB24F94CED}"
EndProject
Project("{2150E333-8FDC-42A3-9474-1A3956D46DE8}") = "Queries", "Queries", "{AC42F916-0807-428C-A0F7-DECA386E4384}"
EndProject
Project("{FAE04EC0-301F-11D3-BF4B-00C04F79EFBC}") = "Domain", "Source\Services\Contacts\Commands\Domain\Domain.csproj", "{148F404B-41FB-4238-9667-EC7C2DC0D648}"
EndProject
Project("{FAE04EC0-301F-11D3-BF4B-00C04F79EFBC}") = "Contracts", "Source\Services\Profile\Contracts\Contracts.csproj", "{59BF6F4A-DAA0-4F7C-9422-064F348DB1E6}"
EndProject
Project("{FAE04EC0-301F-11D3-BF4B-00C04F79EFBC}") = "Application", "Source\Services\Profile\Application\Application.csproj", "{A0A15F8D-7C77-4B16-A710-7472DBE5B8EC}"
EndProject
Project("{FAE04EC0-301F-11D3-BF4B-00C04F79EFBC}") = "Domain", "Source\Services\Profile\Domain\Domain.csproj", "{5B7FB210-29F2-4F4E-A4D4-6B8494B2FD51}"
EndProject
Project("{FAE04EC0-301F-11D3-BF4B-00C04F79EFBC}") = "Infrastructure.Marten", "Source\Services\Profile\Infrastructure.Marten\Infrastructure.Marten.csproj", "{3C857E8B-E836-4C95-A11A-3E98062886AA}"
EndProject
Project("{FAE04EC0-301F-11D3-BF4B-00C04F79EFBC}") = "Infrastructure.MassTransit", "Source\Services\Profile\Infrastructure.MassTransit\Infrastructure.MassTransit.csproj", "{DDB6E1E1-8F70-4860-BA62-7CFF5F2BD73A}"
EndProject
Project("{FAE04EC0-301F-11D3-BF4B-00C04F79EFBC}") = "Presentation", "Source\Services\Profile\Presentation\Presentation.csproj", "{5AF1EF8E-4477-445D-A3A3-2F13FBD9CD9E}"
EndProject
Global
	GlobalSection(SolutionConfigurationPlatforms) = preSolution
		Debug|Any CPU = Debug|Any CPU
		Release|Any CPU = Release|Any CPU
	EndGlobalSection
	GlobalSection(ProjectConfigurationPlatforms) = postSolution
		{E1BCA9ED-7392-45C9-99C1-98B290FB82AD}.Debug|Any CPU.ActiveCfg = Debug|Any CPU
		{E1BCA9ED-7392-45C9-99C1-98B290FB82AD}.Debug|Any CPU.Build.0 = Debug|Any CPU
		{E1BCA9ED-7392-45C9-99C1-98B290FB82AD}.Release|Any CPU.ActiveCfg = Release|Any CPU
		{E1BCA9ED-7392-45C9-99C1-98B290FB82AD}.Release|Any CPU.Build.0 = Release|Any CPU
		{6DBEA347-6932-4202-BA50-422330F92D40}.Debug|Any CPU.ActiveCfg = Debug|Any CPU
		{6DBEA347-6932-4202-BA50-422330F92D40}.Debug|Any CPU.Build.0 = Debug|Any CPU
		{6DBEA347-6932-4202-BA50-422330F92D40}.Release|Any CPU.ActiveCfg = Release|Any CPU
		{6DBEA347-6932-4202-BA50-422330F92D40}.Release|Any CPU.Build.0 = Release|Any CPU
		{F0481078-8150-476F-A281-799AFC995E31}.Debug|Any CPU.ActiveCfg = Debug|Any CPU
		{F0481078-8150-476F-A281-799AFC995E31}.Debug|Any CPU.Build.0 = Debug|Any CPU
		{F0481078-8150-476F-A281-799AFC995E31}.Release|Any CPU.ActiveCfg = Release|Any CPU
		{F0481078-8150-476F-A281-799AFC995E31}.Release|Any CPU.Build.0 = Release|Any CPU
		{7A078494-1F97-4241-8FE6-B5178643E45A}.Debug|Any CPU.ActiveCfg = Debug|Any CPU
		{7A078494-1F97-4241-8FE6-B5178643E45A}.Debug|Any CPU.Build.0 = Debug|Any CPU
		{7A078494-1F97-4241-8FE6-B5178643E45A}.Release|Any CPU.ActiveCfg = Release|Any CPU
		{7A078494-1F97-4241-8FE6-B5178643E45A}.Release|Any CPU.Build.0 = Release|Any CPU
		{8F5CC83C-52E2-4AB6-B8AD-A66A6D2ECEFD}.Debug|Any CPU.ActiveCfg = Debug|Any CPU
		{8F5CC83C-52E2-4AB6-B8AD-A66A6D2ECEFD}.Debug|Any CPU.Build.0 = Debug|Any CPU
		{8F5CC83C-52E2-4AB6-B8AD-A66A6D2ECEFD}.Release|Any CPU.ActiveCfg = Release|Any CPU
		{8F5CC83C-52E2-4AB6-B8AD-A66A6D2ECEFD}.Release|Any CPU.Build.0 = Release|Any CPU
		{EDC446B1-CD11-490E-A9DE-B93B2FB889B8}.Debug|Any CPU.ActiveCfg = Debug|Any CPU
		{EDC446B1-CD11-490E-A9DE-B93B2FB889B8}.Debug|Any CPU.Build.0 = Debug|Any CPU
		{EDC446B1-CD11-490E-A9DE-B93B2FB889B8}.Release|Any CPU.ActiveCfg = Release|Any CPU
		{EDC446B1-CD11-490E-A9DE-B93B2FB889B8}.Release|Any CPU.Build.0 = Release|Any CPU
		{B5BC22AD-03AD-43B8-913E-884B3424C961}.Debug|Any CPU.ActiveCfg = Debug|Any CPU
		{B5BC22AD-03AD-43B8-913E-884B3424C961}.Debug|Any CPU.Build.0 = Debug|Any CPU
		{B5BC22AD-03AD-43B8-913E-884B3424C961}.Release|Any CPU.ActiveCfg = Release|Any CPU
		{B5BC22AD-03AD-43B8-913E-884B3424C961}.Release|Any CPU.Build.0 = Release|Any CPU
		{17132AF0-1F71-4580-9DFE-39097477FB15}.Debug|Any CPU.ActiveCfg = Debug|Any CPU
		{17132AF0-1F71-4580-9DFE-39097477FB15}.Debug|Any CPU.Build.0 = Debug|Any CPU
		{17132AF0-1F71-4580-9DFE-39097477FB15}.Release|Any CPU.ActiveCfg = Release|Any CPU
		{17132AF0-1F71-4580-9DFE-39097477FB15}.Release|Any CPU.Build.0 = Release|Any CPU
		{CE41E794-F2B3-4140-A52E-D39C2F97F905}.Debug|Any CPU.ActiveCfg = Debug|Any CPU
		{CE41E794-F2B3-4140-A52E-D39C2F97F905}.Debug|Any CPU.Build.0 = Debug|Any CPU
		{CE41E794-F2B3-4140-A52E-D39C2F97F905}.Release|Any CPU.ActiveCfg = Release|Any CPU
		{CE41E794-F2B3-4140-A52E-D39C2F97F905}.Release|Any CPU.Build.0 = Release|Any CPU
		{10E573CF-207E-48BD-A80B-EECB864527B9}.Debug|Any CPU.ActiveCfg = Debug|Any CPU
		{10E573CF-207E-48BD-A80B-EECB864527B9}.Debug|Any CPU.Build.0 = Debug|Any CPU
		{10E573CF-207E-48BD-A80B-EECB864527B9}.Release|Any CPU.ActiveCfg = Release|Any CPU
		{10E573CF-207E-48BD-A80B-EECB864527B9}.Release|Any CPU.Build.0 = Release|Any CPU
		{B14CF2D7-81AA-4413-8BC5-8EFA650500F8}.Debug|Any CPU.ActiveCfg = Debug|Any CPU
		{B14CF2D7-81AA-4413-8BC5-8EFA650500F8}.Debug|Any CPU.Build.0 = Debug|Any CPU
		{B14CF2D7-81AA-4413-8BC5-8EFA650500F8}.Release|Any CPU.ActiveCfg = Release|Any CPU
		{B14CF2D7-81AA-4413-8BC5-8EFA650500F8}.Release|Any CPU.Build.0 = Release|Any CPU
		{E9E8E067-DC48-438E-BD1C-96A06C76967A}.Debug|Any CPU.ActiveCfg = Debug|Any CPU
		{E9E8E067-DC48-438E-BD1C-96A06C76967A}.Debug|Any CPU.Build.0 = Debug|Any CPU
		{E9E8E067-DC48-438E-BD1C-96A06C76967A}.Release|Any CPU.ActiveCfg = Release|Any CPU
		{E9E8E067-DC48-438E-BD1C-96A06C76967A}.Release|Any CPU.Build.0 = Release|Any CPU
		{396E2A3B-3C2A-4431-BF69-D77B067F206F}.Debug|Any CPU.ActiveCfg = Debug|Any CPU
		{396E2A3B-3C2A-4431-BF69-D77B067F206F}.Debug|Any CPU.Build.0 = Debug|Any CPU
		{396E2A3B-3C2A-4431-BF69-D77B067F206F}.Release|Any CPU.ActiveCfg = Release|Any CPU
		{396E2A3B-3C2A-4431-BF69-D77B067F206F}.Release|Any CPU.Build.0 = Release|Any CPU
		{6AD93129-087E-4527-BD55-CF36AB6602C8}.Debug|Any CPU.ActiveCfg = Debug|Any CPU
		{6AD93129-087E-4527-BD55-CF36AB6602C8}.Debug|Any CPU.Build.0 = Debug|Any CPU
		{6AD93129-087E-4527-BD55-CF36AB6602C8}.Release|Any CPU.ActiveCfg = Release|Any CPU
		{6AD93129-087E-4527-BD55-CF36AB6602C8}.Release|Any CPU.Build.0 = Release|Any CPU
		{CDC0A610-412B-483F-BE36-9FBFC4D4C3A1}.Debug|Any CPU.ActiveCfg = Debug|Any CPU
		{CDC0A610-412B-483F-BE36-9FBFC4D4C3A1}.Debug|Any CPU.Build.0 = Debug|Any CPU
		{CDC0A610-412B-483F-BE36-9FBFC4D4C3A1}.Release|Any CPU.ActiveCfg = Release|Any CPU
		{CDC0A610-412B-483F-BE36-9FBFC4D4C3A1}.Release|Any CPU.Build.0 = Release|Any CPU
		{148F404B-41FB-4238-9667-EC7C2DC0D648}.Debug|Any CPU.ActiveCfg = Debug|Any CPU
		{148F404B-41FB-4238-9667-EC7C2DC0D648}.Debug|Any CPU.Build.0 = Debug|Any CPU
		{148F404B-41FB-4238-9667-EC7C2DC0D648}.Release|Any CPU.ActiveCfg = Release|Any CPU
		{148F404B-41FB-4238-9667-EC7C2DC0D648}.Release|Any CPU.Build.0 = Release|Any CPU
		{59BF6F4A-DAA0-4F7C-9422-064F348DB1E6}.Debug|Any CPU.ActiveCfg = Debug|Any CPU
		{59BF6F4A-DAA0-4F7C-9422-064F348DB1E6}.Debug|Any CPU.Build.0 = Debug|Any CPU
		{59BF6F4A-DAA0-4F7C-9422-064F348DB1E6}.Release|Any CPU.ActiveCfg = Release|Any CPU
		{59BF6F4A-DAA0-4F7C-9422-064F348DB1E6}.Release|Any CPU.Build.0 = Release|Any CPU
		{A0A15F8D-7C77-4B16-A710-7472DBE5B8EC}.Debug|Any CPU.ActiveCfg = Debug|Any CPU
		{A0A15F8D-7C77-4B16-A710-7472DBE5B8EC}.Debug|Any CPU.Build.0 = Debug|Any CPU
		{A0A15F8D-7C77-4B16-A710-7472DBE5B8EC}.Release|Any CPU.ActiveCfg = Release|Any CPU
		{A0A15F8D-7C77-4B16-A710-7472DBE5B8EC}.Release|Any CPU.Build.0 = Release|Any CPU
		{5B7FB210-29F2-4F4E-A4D4-6B8494B2FD51}.Debug|Any CPU.ActiveCfg = Debug|Any CPU
		{5B7FB210-29F2-4F4E-A4D4-6B8494B2FD51}.Debug|Any CPU.Build.0 = Debug|Any CPU
		{5B7FB210-29F2-4F4E-A4D4-6B8494B2FD51}.Release|Any CPU.ActiveCfg = Release|Any CPU
		{5B7FB210-29F2-4F4E-A4D4-6B8494B2FD51}.Release|Any CPU.Build.0 = Release|Any CPU
		{3C857E8B-E836-4C95-A11A-3E98062886AA}.Debug|Any CPU.ActiveCfg = Debug|Any CPU
		{3C857E8B-E836-4C95-A11A-3E98062886AA}.Debug|Any CPU.Build.0 = Debug|Any CPU
		{3C857E8B-E836-4C95-A11A-3E98062886AA}.Release|Any CPU.ActiveCfg = Release|Any CPU
		{3C857E8B-E836-4C95-A11A-3E98062886AA}.Release|Any CPU.Build.0 = Release|Any CPU
		{DDB6E1E1-8F70-4860-BA62-7CFF5F2BD73A}.Debug|Any CPU.ActiveCfg = Debug|Any CPU
		{DDB6E1E1-8F70-4860-BA62-7CFF5F2BD73A}.Debug|Any CPU.Build.0 = Debug|Any CPU
		{DDB6E1E1-8F70-4860-BA62-7CFF5F2BD73A}.Release|Any CPU.ActiveCfg = Release|Any CPU
		{DDB6E1E1-8F70-4860-BA62-7CFF5F2BD73A}.Release|Any CPU.Build.0 = Release|Any CPU
		{5AF1EF8E-4477-445D-A3A3-2F13FBD9CD9E}.Debug|Any CPU.ActiveCfg = Debug|Any CPU
		{5AF1EF8E-4477-445D-A3A3-2F13FBD9CD9E}.Debug|Any CPU.Build.0 = Debug|Any CPU
		{5AF1EF8E-4477-445D-A3A3-2F13FBD9CD9E}.Release|Any CPU.ActiveCfg = Release|Any CPU
		{5AF1EF8E-4477-445D-A3A3-2F13FBD9CD9E}.Release|Any CPU.Build.0 = Release|Any CPU
	EndGlobalSection
	GlobalSection(NestedProjects) = preSolution
		{F99558AE-9565-4959-9909-C2D0E399A12C} = {F61AA03B-0F12-4F82-A9ED-28D893D30E7C}
		{F61AA03B-0F12-4F82-A9ED-28D893D30E7C} = {C38659C0-88F0-4E00-B46D-B75083D20A9E}
		{045748CE-63CB-481D-8632-8254C2E9C7FD} = {C38659C0-88F0-4E00-B46D-B75083D20A9E}
		{8F5CC83C-52E2-4AB6-B8AD-A66A6D2ECEFD} = {F61AA03B-0F12-4F82-A9ED-28D893D30E7C}
		{EDC446B1-CD11-490E-A9DE-B93B2FB889B8} = {F61AA03B-0F12-4F82-A9ED-28D893D30E7C}
		{2580E927-A4F5-48CD-A3D7-950658466DCB} = {F61AA03B-0F12-4F82-A9ED-28D893D30E7C}
		{17132AF0-1F71-4580-9DFE-39097477FB15} = {F99558AE-9565-4959-9909-C2D0E399A12C}
		{948E4BA2-A220-4B9A-98F9-1B56AC8E467A} = {F99558AE-9565-4959-9909-C2D0E399A12C}
		{F0481078-8150-476F-A281-799AFC995E31} = {948E4BA2-A220-4B9A-98F9-1B56AC8E467A}
		{7A078494-1F97-4241-8FE6-B5178643E45A} = {948E4BA2-A220-4B9A-98F9-1B56AC8E467A}
		{6DBEA347-6932-4202-BA50-422330F92D40} = {948E4BA2-A220-4B9A-98F9-1B56AC8E467A}
		{E1BCA9ED-7392-45C9-99C1-98B290FB82AD} = {948E4BA2-A220-4B9A-98F9-1B56AC8E467A}
		{CE41E794-F2B3-4140-A52E-D39C2F97F905} = {948E4BA2-A220-4B9A-98F9-1B56AC8E467A}
		{B5BC22AD-03AD-43B8-913E-884B3424C961} = {F99558AE-9565-4959-9909-C2D0E399A12C}
		{7CC39EF5-040D-4DB1-BB7C-472574329BA9} = {F99558AE-9565-4959-9909-C2D0E399A12C}
		{10E573CF-207E-48BD-A80B-EECB864527B9} = {7CC39EF5-040D-4DB1-BB7C-472574329BA9}
		{B14CF2D7-81AA-4413-8BC5-8EFA650500F8} = {7CC39EF5-040D-4DB1-BB7C-472574329BA9}
		{E9E8E067-DC48-438E-BD1C-96A06C76967A} = {7CC39EF5-040D-4DB1-BB7C-472574329BA9}
		{C326DE2D-6D13-48FF-827C-875AC30D3DF8} = {F61AA03B-0F12-4F82-A9ED-28D893D30E7C}
		{396E2A3B-3C2A-4431-BF69-D77B067F206F} = {7CC39EF5-040D-4DB1-BB7C-472574329BA9}
		{6AD93129-087E-4527-BD55-CF36AB6602C8} = {7CC39EF5-040D-4DB1-BB7C-472574329BA9}
		{CDC0A610-412B-483F-BE36-9FBFC4D4C3A1} = {7CC39EF5-040D-4DB1-BB7C-472574329BA9}
		{700AA09A-1752-4F03-A80D-33818E92E4AB} = {F61AA03B-0F12-4F82-A9ED-28D893D30E7C}
		{07264DAE-F8AF-4017-9E95-9DBB24F94CED} = {700AA09A-1752-4F03-A80D-33818E92E4AB}
		{AC42F916-0807-428C-A0F7-DECA386E4384} = {700AA09A-1752-4F03-A80D-33818E92E4AB}
		{148F404B-41FB-4238-9667-EC7C2DC0D648} = {07264DAE-F8AF-4017-9E95-9DBB24F94CED}
		{59BF6F4A-DAA0-4F7C-9422-064F348DB1E6} = {2580E927-A4F5-48CD-A3D7-950658466DCB}
		{A0A15F8D-7C77-4B16-A710-7472DBE5B8EC} = {2580E927-A4F5-48CD-A3D7-950658466DCB}
		{5B7FB210-29F2-4F4E-A4D4-6B8494B2FD51} = {2580E927-A4F5-48CD-A3D7-950658466DCB}
		{3C857E8B-E836-4C95-A11A-3E98062886AA} = {2580E927-A4F5-48CD-A3D7-950658466DCB}
		{DDB6E1E1-8F70-4860-BA62-7CFF5F2BD73A} = {2580E927-A4F5-48CD-A3D7-950658466DCB}
		{5AF1EF8E-4477-445D-A3A3-2F13FBD9CD9E} = {2580E927-A4F5-48CD-A3D7-950658466DCB}
	EndGlobalSection
EndGlobal
